
Microsoft Visual Studio Solution File, Format Version 12.00
# Visual Studio Version 17
VisualStudioVersion = 17.2.32519.379
MinimumVisualStudioVersion = 10.0.40219.1
Project("{FAE04EC0-301F-11D3-BF4B-00C04F79EFBC}") = "ObjektowaGra", "ObjektowaGra\ObjektowaGra.csproj", "{62B745BC-7D28-4503-9412-123B23FE824B}"
EndProject
Global
	GlobalSection(SolutionConfigurationPlatforms) = preSolution
		Debug|Any CPU = Debug|Any CPU
		Release|Any CPU = Release|Any CPU
	EndGlobalSection
	GlobalSection(ProjectConfigurationPlatforms) = postSolution
		{62B745BC-7D28-4503-9412-123B23FE824B}.Debug|Any CPU.ActiveCfg = Debug|Any CPU
		{62B745BC-7D28-4503-9412-123B23FE824B}.Debug|Any CPU.Build.0 = Debug|Any CPU
		{62B745BC-7D28-4503-9412-123B23FE824B}.Release|Any CPU.ActiveCfg = Release|Any CPU
		{62B745BC-7D28-4503-9412-123B23FE824B}.Release|Any CPU.Build.0 = Release|Any CPU
	EndGlobalSection
	GlobalSection(SolutionProperties) = preSolution
		HideSolutionNode = FALSE
	EndGlobalSection
	GlobalSection(ExtensibilityGlobals) = postSolution
		SolutionGuid = {5339DB79-1A9A-4CBE-AF7D-15A75576BA3F}
	EndGlobalSection
EndGlobal
